// !$*UTF8*$!
{
	archiveVersion = 1;
	classes = {
	};
	objectVersion = 46;
	objects = {

/* Begin PBXBuildFile section */
		1F456FD21F09249600E52C84 /* AppDelegate.swift in Sources */ = {isa = PBXBuildFile; fileRef = 1F456FD11F09249600E52C84 /* AppDelegate.swift */; };
		1F456FD41F09249600E52C84 /* ViewController.swift in Sources */ = {isa = PBXBuildFile; fileRef = 1F456FD31F09249600E52C84 /* ViewController.swift */; };
		1F456FD71F09249600E52C84 /* Main.storyboard in Resources */ = {isa = PBXBuildFile; fileRef = 1F456FD51F09249600E52C84 /* Main.storyboard */; };
		1F456FD91F09249700E52C84 /* Assets.xcassets in Resources */ = {isa = PBXBuildFile; fileRef = 1F456FD81F09249700E52C84 /* Assets.xcassets */; };
		1F456FDC1F09249700E52C84 /* LaunchScreen.storyboard in Resources */ = {isa = PBXBuildFile; fileRef = 1F456FDA1F09249700E52C84 /* LaunchScreen.storyboard */; };
/* End PBXBuildFile section */

/* Begin PBXFileReference section */
		1F456FCE1F09249600E52C84 /* JsonDecodable.app */ = {isa = PBXFileReference; explicitFileType = wrapper.application; includeInIndex = 0; path = JsonDecodable.app; sourceTree = BUILT_PRODUCTS_DIR; };
		1F456FD11F09249600E52C84 /* AppDelegate.swift */ = {isa = PBXFileReference; lastKnownFileType = sourcecode.swift; path = AppDelegate.swift; sourceTree = "<group>"; };
		1F456FD31F09249600E52C84 /* ViewController.swift */ = {isa = PBXFileReference; lastKnownFileType = sourcecode.swift; path = ViewController.swift; sourceTree = "<group>"; };
		1F456FD61F09249600E52C84 /* Base */ = {isa = PBXFileReference; lastKnownFileType = file.storyboard; name = Base; path = Base.lproj/Main.storyboard; sourceTree = "<group>"; };
		1F456FD81F09249700E52C84 /* Assets.xcassets */ = {isa = PBXFileReference; lastKnownFileType = folder.assetcatalog; path = Assets.xcassets; sourceTree = "<group>"; };
		1F456FDB1F09249700E52C84 /* Base */ = {isa = PBXFileReference; lastKnownFileType = file.storyboard; name = Base; path = Base.lproj/LaunchScreen.storyboard; sourceTree = "<group>"; };
		1F456FDD1F09249700E52C84 /* Info.plist */ = {isa = PBXFileReference; lastKnownFileType = text.plist.xml; path = Info.plist; sourceTree = "<group>"; };
/* End PBXFileReference section */

/* Begin PBXFrameworksBuildPhase section */
		1F456FCB1F09249600E52C84 /* Frameworks */ = {
			isa = PBXFrameworksBuildPhase;
			buildActionMask = 2147483647;
			files = (
			);
			runOnlyForDeploymentPostprocessing = 0;
		};
/* End PBXFrameworksBuildPhase section */

/* Begin PBXGroup section */
		1F456FC51F09249600E52C84 = {
			isa = PBXGroup;
			children = (
				1F456FD01F09249600E52C84 /* JsonDecodable */,
				1F456FCF1F09249600E52C84 /* Products */,
			);
			sourceTree = "<group>";
		};
		1F456FCF1F09249600E52C84 /* Products */ = {
			isa = PBXGroup;
			children = (
				1F456FCE1F09249600E52C84 /* JsonDecodable.app */,
			);
			name = Products;
			sourceTree = "<group>";
		};
		1F456FD01F09249600E52C84 /* JsonDecodable */ = {
			isa = PBXGroup;
			children = (
				1F456FD11F09249600E52C84 /* AppDelegate.swift */,
				1F456FD31F09249600E52C84 /* ViewController.swift */,
				1F456FD51F09249600E52C84 /* Main.storyboard */,
				1F456FD81F09249700E52C84 /* Assets.xcassets */,
				1F456FDA1F09249700E52C84 /* LaunchScreen.storyboard */,
				1F456FDD1F09249700E52C84 /* Info.plist */,
			);
			path = JsonDecodable;
			sourceTree = "<group>";
		};
/* End PBXGroup section */

/* Begin PBXNativeTarget section */
		1F456FCD1F09249600E52C84 /* JsonDecodable */ = {
			isa = PBXNativeTarget;
			buildConfigurationList = 1F456FE01F09249700E52C84 /* Build configuration list for PBXNativeTarget "JsonDecodable" */;
			buildPhases = (
				1F456FCA1F09249600E52C84 /* Sources */,
				1F456FCB1F09249600E52C84 /* Frameworks */,
				1F456FCC1F09249600E52C84 /* Resources */,
			);
			buildRules = (
			);
			dependencies = (
			);
			name = JsonDecodable;
			productName = JsonDecodable;
			productReference = 1F456FCE1F09249600E52C84 /* JsonDecodable.app */;
			productType = "com.apple.product-type.application";
		};
/* End PBXNativeTarget section */

/* Begin PBXProject section */
		1F456FC61F09249600E52C84 /* Project object */ = {
			isa = PBXProject;
			attributes = {
				LastSwiftUpdateCheck = 0810;
				LastUpgradeCheck = 0810;
				ORGANIZATIONNAME = NareshNaidu;
				TargetAttributes = {
					1F456FCD1F09249600E52C84 = {
						CreatedOnToolsVersion = 8.1;
						ProvisioningStyle = Automatic;
					};
				};
			};
			buildConfigurationList = 1F456FC91F09249600E52C84 /* Build configuration list for PBXProject "JsonDecodable" */;
			compatibilityVersion = "Xcode 3.2";
			developmentRegion = English;
			hasScannedForEncodings = 0;
			knownRegions = (
				en,
				Base,
			);
			mainGroup = 1F456FC51F09249600E52C84;
			productRefGroup = 1F456FCF1F09249600E52C84 /* Products */;
			projectDirPath = "";
			projectRoot = "";
			targets = (
				1F456FCD1F09249600E52C84 /* JsonDecodable */,
			);
		};
/* End PBXProject section */

/* Begin PBXResourcesBuildPhase section */
		1F456FCC1F09249600E52C84 /* Resources */ = {
			isa = PBXResourcesBuildPhase;
			buildActionMask = 2147483647;
			files = (
				1F456FDC1F09249700E52C84 /* LaunchScreen.storyboard in Resources */,
				1F456FD91F09249700E52C84 /* Assets.xcassets in Resources */,
				1F456FD71F09249600E52C84 /* Main.storyboard in Resources */,
			);
			runOnlyForDeploymentPostprocessing = 0;
		};
/* End PBXResourcesBuildPhase section */

/* Begin PBXSourcesBuildPhase section */
		1F456FCA1F09249600E52C84 /* Sources */ = {
			isa = PBXSourcesBuildPhase;
			buildActionMask = 2147483647;
			files = (
				1F456FD41F09249600E52C84 /* ViewController.swift in Sources */,
				1F456FD21F09249600E52C84 /* AppDelegate.swift in Sources */,
			);
			runOnlyForDeploymentPostprocessing = 0;
		};
/* End PBXSourcesBuildPhase section */

/* Begin PBXVariantGroup section */
		1F456FD51F09249600E52C84 /* Main.storyboard */ = {
			isa = PBXVariantGroup;
			children = (
				1F456FD61F09249600E52C84 /* Base */,
			);
			name = Main.storyboard;
			sourceTree = "<group>";
		};
		1F456FDA1F09249700E52C84 /* LaunchScreen.storyboard */ = {
			isa = PBXVariantGroup;
			children = (
				1F456FDB1F09249700E52C84 /* Base */,
			);
			name = LaunchScreen.storyboard;
			sourceTree = "<group>";
		};
/* End PBXVariantGroup section */

/* Begin XCBuildConfiguration section */
		1F456FDE1F09249700E52C84 /* Debug */ = {
			isa = XCBuildConfiguration;
			buildSettings = {
				ALWAYS_SEARCH_USER_PATHS = NO;
				CLANG_ANALYZER_NONNULL = YES;
				CLANG_CXX_LANGUAGE_STANDARD = "gnu++0x";
				CLANG_CXX_LIBRARY = "libc++";
				CLANG_ENABLE_MODULES = YES;
				CLANG_ENABLE_OBJC_ARC = YES;
				CLANG_WARN_BOOL_CONVERSION = YES;
				CLANG_WARN_CONSTANT_CONVERSION = YES;
				CLANG_WARN_DIRECT_OBJC_ISA_USAGE = YES_ERROR;
				CLANG_WARN_DOCUMENTATION_COMMENTS = YES;
				CLANG_WARN_EMPTY_BODY = YES;
				CLANG_WARN_ENUM_CONVERSION = YES;
				CLANG_WARN_INFINITE_RECURSION = YES;
				CLANG_WARN_INT_CONVERSION = YES;
				CLANG_WARN_OBJC_ROOT_CLASS = YES_ERROR;
				CLANG_WARN_SUSPICIOUS_MOVES = YES;
				CLANG_WARN_UNREACHABLE_CODE = YES;
				CLANG_WARN__DUPLICATE_METHOD_MATCH = YES;
				"CODE_SIGN_IDENTITY[sdk=iphoneos*]" = "iPhone Developer";
				COPY_PHASE_STRIP = NO;
				DEBUG_INFORMATION_FORMAT = dwarf;
				ENABLE_STRICT_OBJC_MSGSEND = YES;
				ENABLE_TESTABILITY = YES;
				GCC_C_LANGUAGE_STANDARD = gnu99;
				GCC_DYNAMIC_NO_PIC = NO;
				GCC_NO_COMMON_BLOCKS = YES;
				GCC_OPTIMIZATION_LEVEL = 0;
				GCC_PREPROCESSOR_DEFINITIONS = (
					"DEBUG=1",
					"$(inherited)",
				);
				GCC_WARN_64_TO_32_BIT_CONVERSION = YES;
				GCC_WARN_ABOUT_RETURN_TYPE = YES_ERROR;
				GCC_WARN_UNDECLARED_SELECTOR = YES;
				GCC_WARN_UNINITIALIZED_AUTOS = YES_AGGRESSIVE;
				GCC_WARN_UNUSED_FUNCTION = YES;
				GCC_WARN_UNUSED_VARIABLE = YES;
				IPHONEOS_DEPLOYMENT_TARGET = 10.1;
				MTL_ENABLE_DEBUG_INFO = YES;
				ONLY_ACTIVE_ARCH = YES;
				SDKROOT = iphoneos;
				SWIFT_ACTIVE_COMPILATION_CONDITIONS = DEBUG;
				SWIFT_OPTIMIZATION_LEVEL = "-Onone";
			};
			name = Debug;
		};
		1F456FDF1F09249700E52C84 /* Release */ = {
			isa = XCBuildConfiguration;
			buildSettings = {
				ALWAYS_SEARCH_USER_PATHS = NO;
				CLANG_ANALYZER_NONNULL = YES;
				CLANG_CXX_LANGUAGE_STANDARD = "gnu++0x";
				CLANG_CXX_LIBRARY = "libc++";
				CLANG_ENABLE_MODULES = YES;
				CLANG_ENABLE_OBJC_ARC = YES;
				CLANG_WARN_BOOL_CONVERSION = YES;
				CLANG_WARN_CONSTANT_CONVERSION = YES;
				CLANG_WARN_DIRECT_OBJC_ISA_USAGE = YES_ERROR;
				CLANG_WARN_DOCUMENTATION_COMMENTS = YES;
				CLANG_WARN_EMPTY_BODY = YES;
				CLANG_WARN_ENUM_CONVERSION = YES;
				CLANG_WARN_INFINITE_RECURSION = YES;
				CLANG_WARN_INT_CONVERSION = YES;
				CLANG_WARN_OBJC_ROOT_CLASS = YES_ERROR;
				CLANG_WARN_SUSPICIOUS_MOVES = YES;
				CLANG_WARN_UNREACHABLE_CODE = YES;
				CLANG_WARN__DUPLICATE_METHOD_MATCH = YES;
				"CODE_SIGN_IDENTITY[sdk=iphoneos*]" = "iPhone Developer";
				COPY_PHASE_STRIP = NO;
				DEBUG_INFORMATION_FORMAT = "dwarf-with-dsym";
				ENABLE_NS_ASSERTIONS = NO;
				ENABLE_STRICT_OBJC_MSGSEND = YES;
				GCC_C_LANGUAGE_STANDARD = gnu99;
				GCC_NO_COMMON_BLOCKS = YES;
				GCC_WARN_64_TO_32_BIT_CONVERSION = YES;
				GCC_WARN_ABOUT_RETURN_TYPE = YES_ERROR;
				GCC_WARN_UNDECLARED_SELECTOR = YES;
				GCC_WARN_UNINITIALIZED_AUTOS = YES_AGGRESSIVE;
				GCC_WARN_UNUSED_FUNCTION = YES;
				GCC_WARN_UNUSED_VARIABLE = YES;
				IPHONEOS_DEPLOYMENT_TARGET = 10.1;
				MTL_ENABLE_DEBUG_INFO = NO;
				SDKROOT = iphoneos;
				SWIFT_OPTIMIZATION_LEVEL = "-Owholemodule";
				VALIDATE_PRODUCT = YES;
			};
			name = Release;
		};
		1F456FE11F09249700E52C84 /* Debug */ = {
			isa = XCBuildConfiguration;
			buildSettings = {
				ASSETCATALOG_COMPILER_APPICON_NAME = AppIcon;
				INFOPLIST_FILE = JsonDecodable/Info.plist;
				LD_RUNPATH_SEARCH_PATHS = "$(inherited) @executable_path/Frameworks";
				PRODUCT_BUNDLE_IDENTIFIER = com.apple.JsonDecodable;
				PRODUCT_NAME = "$(TARGET_NAME)";
				SWIFT_VERSION = 3.0;
			};
			name = Debug;
		};
		1F456FE21F09249700E52C84 /* Release */ = {
			isa = XCBuildConfiguration;
			buildSettings = {
				ASSETCATALOG_COMPILER_APPICON_NAME = AppIcon;
				INFOPLIST_FILE = JsonDecodable/Info.plist;
				LD_RUNPATH_SEARCH_PATHS = "$(inherited) @executable_path/Frameworks";
				PRODUCT_BUNDLE_IDENTIFIER = com.apple.JsonDecodable;
				PRODUCT_NAME = "$(TARGET_NAME)";
				SWIFT_VERSION = 3.0;
			};
			name = Release;
		};
/* End XCBuildConfiguration section */

/* Begin XCConfigurationList section */
		1F456FC91F09249600E52C84 /* Build configuration list for PBXProject "JsonDecodable" */ = {
			isa = XCConfigurationList;
			buildConfigurations = (
				1F456FDE1F09249700E52C84 /* Debug */,
				1F456FDF1F09249700E52C84 /* Release */,
			);
			defaultConfigurationIsVisible = 0;
			defaultConfigurationName = Release;
		};
		1F456FE01F09249700E52C84 /* Build configuration list for PBXNativeTarget "JsonDecodable" */ = {
			isa = XCConfigurationList;
			buildConfigurations = (
				1F456FE11F09249700E52C84 /* Debug */,
				1F456FE21F09249700E52C84 /* Release */,
			);
			defaultConfigurationIsVisible = 0;
		};
/* End XCConfigurationList section */
	};
	rootObject = 1F456FC61F09249600E52C84 /* Project object */;
}
